# THIS IS AN AUTOGENERATED FILE. DO NOT EDIT THIS FILE DIRECTLY.
# yarn lockfile v1


digital-test@^1.2.2:
  version "1.2.2"
  resolved "https://registry.yarnpkg.com/digital-test/-/digital-test-1.2.2.tgz#4f2a001ffe32f7e48545fa6f3bb1850369eca3c4"
  integrity sha512-BqUV81cu0O/Iz0YhQKsxYZS7QFcRGTiLjqmIChzftxqxLb4jx4ujWNafWNcROnV1Z23d6wD8SWG3rX0QDnfa/A==
